schema_version: config_audit_tool_versions_lock_v0_1
schema_path: schemas/configs/audit/tool_versions_lock_v0_1.json
tool_versions_lock_version: pfr_third_party_audit_tool_versions_v0_1_frozen_target
created_date: '2026-06-08'
status: analysis_frozen_target_v0_1
scope: unified_evaluation_pipeline_alignment_v0_1
project_environment:
  name: pfr
  python: '3.11.15'
  rdkit: '2026.03.2'
  pyyaml: '6.0.3'
  missing_for_third_party_inference:
    - torch
    - torch_geometric
    - pytorch_lightning
    - openbabel_python_module
    - easydict
    - lmdb
evaluator_environment:
  name: pfr-eval-tools
  path: /home/lyj/mnt/project/pfr-eval-tools
  python: '3.10.20'
  rdkit: '2025.09.5'
  posebusters: '0.6.5'
  plip: cli_help_no_version_string
  meeko: '0.7.1'
  openbabel_python: '3.1.0'
  cli_paths:
    plip: /home/lyj/miniconda3/envs/pfr-eval-tools/bin/plip
    vina: /home/lyj/miniconda3/envs/pfr-eval-tools/bin/vina
    mk_prepare_ligand.py: /home/lyj/miniconda3/envs/pfr-eval-tools/bin/mk_prepare_ligand.py
    mk_prepare_receptor.py: /home/lyj/miniconda3/envs/pfr-eval-tools/bin/mk_prepare_receptor.py
    obabel: /home/lyj/miniconda3/envs/pfr-eval-tools/bin/obabel
  cli_versions:
    vina: AutoDock Vina f458505-mod
    obabel: Open Babel 3.1.0 -- Nov 30 2023 -- 20:43:22
    plip: PLIP CLI available; argparse help has no explicit version string
    mk_prepare_ligand.py: Meeko 0.7.1 CLI
    mk_prepare_receptor.py: Meeko 0.7.1 CLI
  formal_plip_vina_rule: eval_official_tools.py must run with pfr-eval-tools PATH active; outputs must inspect plip_error and vina_error.
wrapper_scripts:
  eval_posebusters_one.py:
    path: scripts/eval/eval_posebusters_one.py
    sha256: 344072089eb4bd0c5f4f44dc196c77e76a7532a7dd3682c966ee87431b10014f
  eval_official_tools.py:
    path: scripts/eval/eval_official_tools.py
    sha256: 803babecbe2d5659ada353c071a43519494baa4d34702cb061736503c08d28af
  audit_common.py:
    path: scripts/eval/audit_common.py
    sha256: 592a4a98bf6208809bbc76c3ab5f2ef96217fb2f9a23bcdd69fdf74cfffc3817
  prepare_receptor.py:
    path: scripts/eval/prepare_receptor.py
    sha256: 2015e8e5e9b596e1fdef3c2e49a777eab5deb2e44513c2781f2c8e728323e5e6
  run_audit_evaluators.py:
    path: scripts/eval/run_audit_evaluators.py
    sha256: 111f3a8a26af340c7e5cee342efaa34ab7b1c996f2d269663d2497d8aebe9c38
  build_audit_labels.py:
    path: scripts/eval/build_audit_labels.py
    sha256: 5c6526791f7b6bcfa3017997f476e0a7a30bb7106b2145eedc53dd16534261be
  summarize_audit_labels.py:
    path: scripts/eval/summarize_audit_labels.py
    sha256: 0b4ea7e1f1d7ca02632477412183fca41ae934a28b50078cf3fbc84cd77794b3
  check_analysis_frozen_gate.py:
    path: scripts/eval/check_analysis_frozen_gate.py
    sha256: c33331f1bdaf29ce5aa445e5cfc4b430ce0047b4964bd417818e179d5cfd27a4
method_environment_status:
  diffsbdd: not_created; use third_party/diffsbdd/environment.yaml if proceeding
  difflinker: not_created; use third_party/difflinker/environment.yml if proceeding
  pocket2mol: not_created; resource decision required before environment work
  targetdiff: not_created; resource decision required before environment work
analysis_freeze_requirements:
  - record exact method environment Python/CUDA/PyTorch/PyG/PyTorch-Lightning/RDKit/OpenBabel versions for inference runs
  - compute label_config_hash, receptor_prep_policy_hash, evaluator_policy_hash, denominator_policy_hash, gate_config_hash and tool_versions_lock_hash
  - run sanity set proving missing_data/tool_failure/pipeline_failure/not_evaluable/original_failed_sample rows are not silently dropped
  - keep Vina score-only as auxiliary, never sole success gate
